{
  "name": "docsify-server-renderer",
  "version": "4.8.6",
  "lockfileVersion": 1,
  "requires": true,
  "dependencies": {
    "debug": {
      "version": "2.6.9",
      "resolved": "https://registry.npmjs.org/debug/-/debug-2.6.9.tgz",
      "integrity": "sha512-bC7ElrdJaJnPbAP+1EotYvqZsb3ecl5wi6Bfi6BJTUcNowp6cvspg0jXznRTKDjm/E7AdgFBVeAPVMNcKGsHMA==",
      "requires": {
        "ms": "2.0.0"
      }
    },
    "docsify": {
      "version": "4.10.2",
      "resolved": "https://registry.npmjs.org/docsify/-/docsify-4.10.2.tgz",
      "integrity": "sha512-Y1LbI29X9c4uRVEp7wGOYhy8lDrn47o96or0Dbj+pElxWk1cLYQ5CVYPHnf75P3oM1CrEGIrazac6AjYXaD1kw==",
      "requires": {
        "marked": "^0.7.0",
        "medium-zoom": "^1.0.4",
        "opencollective-postinstall": "^2.0.2",
        "prismjs": "^1.15.0",
        "tinydate": "^1.0.0",
        "tweezer.js": "^1.4.0"
      }
    },
    "marked": {
      "version": "0.7.0",
      "resolved": "https://registry.npmjs.org/marked/-/marked-0.7.0.tgz",
      "integrity": "sha512-c+yYdCZJQrsRjTPhUx7VKkApw9bwDkNbHUKo1ovgcfDjb2kc8rLuRbIFyXL5WOEUwzSSKo3IXpph2K6DqB/KZg=="
    },
    "medium-zoom": {
      "version": "1.0.5",
      "resolved": "https://registry.npmjs.org/medium-zoom/-/medium-zoom-1.0.5.tgz",
      "integrity": "sha512-aLGa6WlTuFKWvH88bqTrY5ztJMN+D0hd8UX6BYc4YSoPayppzETjZUcdVcksgaoQEMg4cZSmXPg846fTp2rjRQ=="
    },
    "ms": {
      "version": "2.0.0",
      "resolved": "https://registry.npmjs.org/ms/-/ms-2.0.0.tgz",
      "integrity": "sha1-VgiurfwAvmwpAd9fmGF4jeDVl8g="
    },
    "node-fetch": {
      "version": "1.7.1",
      "resolved": "https://registry.npmjs.org/node-fetch/-/node-fetch-1.7.1.tgz",
      "integrity": "sha512-j8XsFGCLw79vWXkZtMSmmLaOk9z5SQ9bV/tkbZVCqvgwzrjAGq66igobLofHtF63NvMTp2WjytpsNTGKa+XRIQ=="
    },
    "opencollective-postinstall": {
      "version": "2.0.2",
      "resolved": "https://registry.npmjs.org/opencollective-postinstall/-/opencollective-postinstall-2.0.2.tgz",
      "integrity": "sha512-pVOEP16TrAO2/fjej1IdOyupJY8KDUM1CvsaScRbw6oddvpQoOfGk4ywha0HKKVAD6RkW4x6Q+tNBwhf3Bgpuw=="
    },
    "prismjs": {
      "version": "1.24.0",
      "resolved": "https://registry.npmjs.org/prismjs/-/prismjs-1.24.0.tgz",
      "integrity": "sha512-SqV5GRsNqnzCL8k5dfAjCNhUrF3pR0A9lTDSCUZeh/LIshheXJEaP0hwLz2t4XHivd2J/v2HR+gRnigzeKe3cQ=="
    },
    "resolve-pathname": {
      "version": "2.1.0",
      "resolved": "https://registry.npmjs.org/resolve-pathname/-/resolve-pathname-2.1.0.tgz",
      "integrity": "sha1-6DWIAbhrg7F1YNTjw4LXrvIQCUQ="
    },
    "tinydate": {
      "version": "1.2.0",
      "resolved": "https://registry.npmjs.org/tinydate/-/tinydate-1.2.0.tgz",
      "integrity": "sha512-3GwPk8VhDFnUZ2TrgkhXJs6hcMAIIw4x/xkz+ayK6dGoQmp2nUwKzBXK0WnMsqkh6vfUhpqQicQF3rbshfyJkg=="
    },
    "tweezer.js": {
      "version": "1.5.0",
      "resolved": "https://registry.npmjs.org/tweezer.js/-/tweezer.js-1.5.0.tgz",
      "integrity": "sha512-aSiJz7rGWNAQq7hjMK9ZYDuEawXupcCWgl3woQQSoDP2Oh8O4srWb/uO1PzzHIsrPEOqrjJ2sUb9FERfzuBabQ=="
    }
  }
}
